
Microsoft Visual Studio Solution File, Format Version 12.00
# Visual Studio 15
VisualStudioVersion = 15.0.28307.2092
MinimumVisualStudioVersion = 10.0.40219.1
Project("{8BC9CEB8-8B4A-11D0-8D11-00A0C91BC942}") = "Ex 1", "Ex 1\Ex 1.vcxproj", "{9F0E218C-7B39-4B05-A973-580E7C39971D}"
EndProject
Project("{8BC9CEB8-8B4A-11D0-8D11-00A0C91BC942}") = "Ex 2", "Ex 2\Ex 2.vcxproj", "{7C15566B-9712-4574-951F-B3EA0FE3E2FD}"
EndProject
Project("{8BC9CEB8-8B4A-11D0-8D11-00A0C91BC942}") = "Ex 3", "Ex 3\Ex 3.vcxproj", "{A2B62B91-07BF-4E07-8266-3B8CD5D36A75}"
EndProject
Project("{8BC9CEB8-8B4A-11D0-8D11-00A0C91BC942}") = "Ex 4", "Ex 4\Ex 4.vcxproj", "{36C11713-4DF8-42F9-B31B-955833954006}"
EndProject
Global
	GlobalSection(SolutionConfigurationPlatforms) = preSolution
		Debug|x64 = Debug|x64
		Debug|x86 = Debug|x86
		Release|x64 = Release|x64
		Release|x86 = Release|x86
	EndGlobalSection
	GlobalSection(ProjectConfigurationPlatforms) = postSolution
		{9F0E218C-7B39-4B05-A973-580E7C39971D}.Debug|x64.ActiveCfg = Debug|x64
		{9F0E218C-7B39-4B05-A973-580E7C39971D}.Debug|x64.Build.0 = Debug|x64
		{9F0E218C-7B39-4B05-A973-580E7C39971D}.Debug|x86.ActiveCfg = Debug|Win32
		{9F0E218C-7B39-4B05-A973-580E7C39971D}.Debug|x86.Build.0 = Debug|Win32
		{9F0E218C-7B39-4B05-A973-580E7C39971D}.Release|x64.ActiveCfg = Release|x64
		{9F0E218C-7B39-4B05-A973-580E7C39971D}.Release|x64.Build.0 = Release|x64
		{9F0E218C-7B39-4B05-A973-580E7C39971D}.Release|x86.ActiveCfg = Release|Win32
		{9F0E218C-7B39-4B05-A973-580E7C39971D}.Release|x86.Build.0 = Release|Win32
		{7C15566B-9712-4574-951F-B3EA0FE3E2FD}.Debug|x64.ActiveCfg = Debug|x64
		{7C15566B-9712-4574-951F-B3EA0FE3E2FD}.Debug|x64.Build.0 = Debug|x64
		{7C15566B-9712-4574-951F-B3EA0FE3E2FD}.Debug|x86.ActiveCfg = Debug|Win32
		{7C15566B-9712-4574-951F-B3EA0FE3E2FD}.Debug|x86.Build.0 = Debug|Win32
		{7C15566B-9712-4574-951F-B3EA0FE3E2FD}.Release|x64.ActiveCfg = Release|x64
		{7C15566B-9712-4574-951F-B3EA0FE3E2FD}.Release|x64.Build.0 = Release|x64
		{7C15566B-9712-4574-951F-B3EA0FE3E2FD}.Release|x86.ActiveCfg = Release|Win32
		{7C15566B-9712-4574-951F-B3EA0FE3E2FD}.Release|x86.Build.0 = Release|Win32
		{A2B62B91-07BF-4E07-8266-3B8CD5D36A75}.Debug|x64.ActiveCfg = Debug|x64
		{A2B62B91-07BF-4E07-8266-3B8CD5D36A75}.Debug|x64.Build.0 = Debug|x64
		{A2B62B91-07BF-4E07-8266-3B8CD5D36A75}.Debug|x86.ActiveCfg = Debug|Win32
		{A2B62B91-07BF-4E07-8266-3B8CD5D36A75}.Debug|x86.Build.0 = Debug|Win32
		{A2B62B91-07BF-4E07-8266-3B8CD5D36A75}.Release|x64.ActiveCfg = Release|x64
		{A2B62B91-07BF-4E07-8266-3B8CD5D36A75}.Release|x64.Build.0 = Release|x64
		{A2B62B91-07BF-4E07-8266-3B8CD5D36A75}.Release|x86.ActiveCfg = Release|Win32
		{A2B62B91-07BF-4E07-8266-3B8CD5D36A75}.Release|x86.Build.0 = Release|Win32
		{36C11713-4DF8-42F9-B31B-955833954006}.Debug|x64.ActiveCfg = Debug|x64
		{36C11713-4DF8-42F9-B31B-955833954006}.Debug|x64.Build.0 = Debug|x64
		{36C11713-4DF8-42F9-B31B-955833954006}.Debug|x86.ActiveCfg = Debug|Win32
		{36C11713-4DF8-42F9-B31B-955833954006}.Debug|x86.Build.0 = Debug|Win32
		{36C11713-4DF8-42F9-B31B-955833954006}.Release|x64.ActiveCfg = Release|x64
		{36C11713-4DF8-42F9-B31B-955833954006}.Release|x64.Build.0 = Release|x64
		{36C11713-4DF8-42F9-B31B-955833954006}.Release|x86.ActiveCfg = Release|Win32
		{36C11713-4DF8-42F9-B31B-955833954006}.Release|x86.Build.0 = Release|Win32
	EndGlobalSection
	GlobalSection(SolutionProperties) = preSolution
		HideSolutionNode = FALSE
	EndGlobalSection
	GlobalSection(ExtensibilityGlobals) = postSolution
		SolutionGuid = {0CD99AFD-0887-4268-A55E-F40052EA3F99}
	EndGlobalSection
EndGlobal
