
Microsoft Visual Studio Solution File, Format Version 12.00
# Visual Studio 15
VisualStudioVersion = 15.0.28307.2092
MinimumVisualStudioVersion = 10.0.40219.1
Project("{8BC9CEB8-8B4A-11D0-8D11-00A0C91BC942}") = "Ex 1", "Ex 1\Ex 1.vcxproj", "{6E858101-B6CD-466F-BF49-0EFA27F56D80}"
EndProject
Project("{8BC9CEB8-8B4A-11D0-8D11-00A0C91BC942}") = "Ex 2", "Ex 2\Ex 2.vcxproj", "{0E517A53-01A4-4770-8A29-BAB3229D4B6B}"
EndProject
Project("{8BC9CEB8-8B4A-11D0-8D11-00A0C91BC942}") = "Ex 6 (correction)", "Ex 6 (correction)\Ex 6 (correction).vcxproj", "{41206A2D-5002-4223-8C69-1B9BC63A7BF2}"
EndProject
Project("{8BC9CEB8-8B4A-11D0-8D11-00A0C91BC942}") = "Ex 5 (correction)", "Ex 5 (correction)\Ex 5 (correction).vcxproj", "{E186CCE3-5190-4EBE-A3F6-1B787C50803D}"
EndProject
Project("{8BC9CEB8-8B4A-11D0-8D11-00A0C91BC942}") = "Ex 7 (correction)", "Ex 7 (correction)\Ex 7 (correction).vcxproj", "{C4C0ED08-ED34-4BB9-B595-FE3D04EFD6BF}"
EndProject
Global
	GlobalSection(SolutionConfigurationPlatforms) = preSolution
		Debug|x64 = Debug|x64
		Debug|x86 = Debug|x86
		Release|x64 = Release|x64
		Release|x86 = Release|x86
	EndGlobalSection
	GlobalSection(ProjectConfigurationPlatforms) = postSolution
		{6E858101-B6CD-466F-BF49-0EFA27F56D80}.Debug|x64.ActiveCfg = Debug|x64
		{6E858101-B6CD-466F-BF49-0EFA27F56D80}.Debug|x64.Build.0 = Debug|x64
		{6E858101-B6CD-466F-BF49-0EFA27F56D80}.Debug|x86.ActiveCfg = Debug|Win32
		{6E858101-B6CD-466F-BF49-0EFA27F56D80}.Debug|x86.Build.0 = Debug|Win32
		{6E858101-B6CD-466F-BF49-0EFA27F56D80}.Release|x64.ActiveCfg = Release|x64
		{6E858101-B6CD-466F-BF49-0EFA27F56D80}.Release|x64.Build.0 = Release|x64
		{6E858101-B6CD-466F-BF49-0EFA27F56D80}.Release|x86.ActiveCfg = Release|Win32
		{6E858101-B6CD-466F-BF49-0EFA27F56D80}.Release|x86.Build.0 = Release|Win32
		{0E517A53-01A4-4770-8A29-BAB3229D4B6B}.Debug|x64.ActiveCfg = Debug|x64
		{0E517A53-01A4-4770-8A29-BAB3229D4B6B}.Debug|x64.Build.0 = Debug|x64
		{0E517A53-01A4-4770-8A29-BAB3229D4B6B}.Debug|x86.ActiveCfg = Debug|Win32
		{0E517A53-01A4-4770-8A29-BAB3229D4B6B}.Debug|x86.Build.0 = Debug|Win32
		{0E517A53-01A4-4770-8A29-BAB3229D4B6B}.Release|x64.ActiveCfg = Release|x64
		{0E517A53-01A4-4770-8A29-BAB3229D4B6B}.Release|x64.Build.0 = Release|x64
		{0E517A53-01A4-4770-8A29-BAB3229D4B6B}.Release|x86.ActiveCfg = Release|Win32
		{0E517A53-01A4-4770-8A29-BAB3229D4B6B}.Release|x86.Build.0 = Release|Win32
		{41206A2D-5002-4223-8C69-1B9BC63A7BF2}.Debug|x64.ActiveCfg = Debug|x64
		{41206A2D-5002-4223-8C69-1B9BC63A7BF2}.Debug|x64.Build.0 = Debug|x64
		{41206A2D-5002-4223-8C69-1B9BC63A7BF2}.Debug|x86.ActiveCfg = Debug|Win32
		{41206A2D-5002-4223-8C69-1B9BC63A7BF2}.Debug|x86.Build.0 = Debug|Win32
		{41206A2D-5002-4223-8C69-1B9BC63A7BF2}.Release|x64.ActiveCfg = Release|x64
		{41206A2D-5002-4223-8C69-1B9BC63A7BF2}.Release|x64.Build.0 = Release|x64
		{41206A2D-5002-4223-8C69-1B9BC63A7BF2}.Release|x86.ActiveCfg = Release|Win32
		{41206A2D-5002-4223-8C69-1B9BC63A7BF2}.Release|x86.Build.0 = Release|Win32
		{E186CCE3-5190-4EBE-A3F6-1B787C50803D}.Debug|x64.ActiveCfg = Debug|x64
		{E186CCE3-5190-4EBE-A3F6-1B787C50803D}.Debug|x64.Build.0 = Debug|x64
		{E186CCE3-5190-4EBE-A3F6-1B787C50803D}.Debug|x86.ActiveCfg = Debug|Win32
		{E186CCE3-5190-4EBE-A3F6-1B787C50803D}.Debug|x86.Build.0 = Debug|Win32
		{E186CCE3-5190-4EBE-A3F6-1B787C50803D}.Release|x64.ActiveCfg = Release|x64
		{E186CCE3-5190-4EBE-A3F6-1B787C50803D}.Release|x64.Build.0 = Release|x64
		{E186CCE3-5190-4EBE-A3F6-1B787C50803D}.Release|x86.ActiveCfg = Release|Win32
		{E186CCE3-5190-4EBE-A3F6-1B787C50803D}.Release|x86.Build.0 = Release|Win32
		{C4C0ED08-ED34-4BB9-B595-FE3D04EFD6BF}.Debug|x64.ActiveCfg = Debug|x64
		{C4C0ED08-ED34-4BB9-B595-FE3D04EFD6BF}.Debug|x64.Build.0 = Debug|x64
		{C4C0ED08-ED34-4BB9-B595-FE3D04EFD6BF}.Debug|x86.ActiveCfg = Debug|Win32
		{C4C0ED08-ED34-4BB9-B595-FE3D04EFD6BF}.Debug|x86.Build.0 = Debug|Win32
		{C4C0ED08-ED34-4BB9-B595-FE3D04EFD6BF}.Release|x64.ActiveCfg = Release|x64
		{C4C0ED08-ED34-4BB9-B595-FE3D04EFD6BF}.Release|x64.Build.0 = Release|x64
		{C4C0ED08-ED34-4BB9-B595-FE3D04EFD6BF}.Release|x86.ActiveCfg = Release|Win32
		{C4C0ED08-ED34-4BB9-B595-FE3D04EFD6BF}.Release|x86.Build.0 = Release|Win32
	EndGlobalSection
	GlobalSection(SolutionProperties) = preSolution
		HideSolutionNode = FALSE
	EndGlobalSection
	GlobalSection(ExtensibilityGlobals) = postSolution
		SolutionGuid = {9BCF154C-705C-4385-AB57-F292CF0599B6}
	EndGlobalSection
EndGlobal
